
Microsoft Visual Studio Solution File, Format Version 12.00
# Visual Studio 15
Project("{FAE04EC0-301F-11D3-BF4B-00C04F79EFBC}") = "Assembly-CSharp", "Assembly-CSharp.csproj", "{A2CC6F9D-84AA-0049-5FC7-6E58FBF62B72}"
EndProject
Project("{FAE04EC0-301F-11D3-BF4B-00C04F79EFBC}") = "Unity.XR.Interaction.Toolkit.Samples.StarterAssets", "Unity.XR.Interaction.Toolkit.Samples.StarterAssets.csproj", "{4BEBBA2C-19DA-8244-049E-5AC095FFB989}"
EndProject
Project("{FAE04EC0-301F-11D3-BF4B-00C04F79EFBC}") = "Unity.XR.Interaction.Toolkit.Samples.DeviceSimulator", "Unity.XR.Interaction.Toolkit.Samples.DeviceSimulator.csproj", "{3E4601CD-C22F-B96D-35A4-1B1DB5196E93}"
EndProject
Global
	GlobalSection(SolutionConfigurationPlatforms) = preSolution
		Debug|Any CPU = Debug|Any CPU
		Release|Any CPU = Release|Any CPU
	EndGlobalSection
	GlobalSection(ProjectConfigurationPlatforms) = postSolution
		{A2CC6F9D-84AA-0049-5FC7-6E58FBF62B72}.Debug|Any CPU.ActiveCfg = Debug|Any CPU
		{A2CC6F9D-84AA-0049-5FC7-6E58FBF62B72}.Debug|Any CPU.Build.0 = Debug|Any CPU
		{A2CC6F9D-84AA-0049-5FC7-6E58FBF62B72}.Release|Any CPU.ActiveCfg = Release|Any CPU
		{A2CC6F9D-84AA-0049-5FC7-6E58FBF62B72}.Release|Any CPU.Build.0 = Release|Any CPU
		{4BEBBA2C-19DA-8244-049E-5AC095FFB989}.Debug|Any CPU.ActiveCfg = Debug|Any CPU
		{4BEBBA2C-19DA-8244-049E-5AC095FFB989}.Debug|Any CPU.Build.0 = Debug|Any CPU
		{4BEBBA2C-19DA-8244-049E-5AC095FFB989}.Release|Any CPU.ActiveCfg = Release|Any CPU
		{4BEBBA2C-19DA-8244-049E-5AC095FFB989}.Release|Any CPU.Build.0 = Release|Any CPU
		{3E4601CD-C22F-B96D-35A4-1B1DB5196E93}.Debug|Any CPU.ActiveCfg = Debug|Any CPU
		{3E4601CD-C22F-B96D-35A4-1B1DB5196E93}.Debug|Any CPU.Build.0 = Debug|Any CPU
		{3E4601CD-C22F-B96D-35A4-1B1DB5196E93}.Release|Any CPU.ActiveCfg = Release|Any CPU
		{3E4601CD-C22F-B96D-35A4-1B1DB5196E93}.Release|Any CPU.Build.0 = Release|Any CPU
	EndGlobalSection
	GlobalSection(SolutionProperties) = preSolution
		HideSolutionNode = FALSE
	EndGlobalSection
EndGlobal
